
Microsoft Visual Studio Solution File, Format Version 12.00
Project("{2150E333-8FDC-42A3-9474-1A3956D46DE8}") = "src", "src", "{95CD7B2F-69AE-40DD-923C-60912F67CDFF}"
EndProject
Project("{2150E333-8FDC-42A3-9474-1A3956D46DE8}") = "OrderService", "OrderService", "{F89137C0-F6C4-4035-9647-5862F61FFF6E}"
EndProject
Project("{2150E333-8FDC-42A3-9474-1A3956D46DE8}") = "StockService", "StockService", "{2693E9E5-E157-422F-BB1F-A16DD8EADB66}"
EndProject
Project("{2150E333-8FDC-42A3-9474-1A3956D46DE8}") = "PaymentService", "PaymentService", "{EB61E2F0-78EC-4F54-B89F-352C5378DDB6}"
EndProject
Project("{2150E333-8FDC-42A3-9474-1A3956D46DE8}") = "DeliveryService", "DeliveryService", "{7BA5C571-0ECE-43DF-AD6C-F38048300067}"
EndProject
Project("{FAE04EC0-301F-11D3-BF4B-00C04F79EFBC}") = "OrderService.Domain", "OrderService\OrderService.Domain\OrderService.Domain.csproj", "{BD744252-3639-4D7D-A638-293995A16AEC}"
EndProject
Project("{FAE04EC0-301F-11D3-BF4B-00C04F79EFBC}") = "OrderService.Application", "OrderService\OrderService.Application\OrderService.Application.csproj", "{6B3F4BD7-E4BE-43FE-9363-7F05EA6C9CF0}"
EndProject
Project("{FAE04EC0-301F-11D3-BF4B-00C04F79EFBC}") = "OrderService.Infrastructure", "OrderService\OrderService.Infrastructure\OrderService.Infrastructure.csproj", "{1D902665-E1AC-49DC-B6D2-E06E548984AD}"
EndProject
Project("{FAE04EC0-301F-11D3-BF4B-00C04F79EFBC}") = "OrderService.WebApi", "OrderService\OrderService.WebApi\OrderService.WebApi.csproj", "{140FFADF-AA1E-4EB5-897C-EBD6693C3359}"
EndProject
Project("{2150E333-8FDC-42A3-9474-1A3956D46DE8}") = "ProductService", "ProductService", "{C2E3F83C-0C92-47CE-94B5-A07F591EC372}"
EndProject
Project("{FAE04EC0-301F-11D3-BF4B-00C04F79EFBC}") = "ProductService.Domain", "ProductService\ProductService.Domain\ProductService.Domain.csproj", "{343C1457-E9AE-4B99-95E5-71522C4ADAEF}"
EndProject
Project("{FAE04EC0-301F-11D3-BF4B-00C04F79EFBC}") = "ProductService.Application", "ProductService\ProductService.Application\ProductService.Application.csproj", "{145B22C5-D46A-4CE4-A683-70BECE6426FD}"
EndProject
Project("{FAE04EC0-301F-11D3-BF4B-00C04F79EFBC}") = "ProductService.Infrastructure", "ProductService\ProductService.Infrastructure\ProductService.Infrastructure.csproj", "{1E9F890A-A861-4565-AF67-F5D016BBC3D0}"
EndProject
Project("{FAE04EC0-301F-11D3-BF4B-00C04F79EFBC}") = "ProductService.WebApi", "ProductService\ProductService.WebApi\ProductService.WebApi.csproj", "{B91BDD81-58C6-4570-A8CF-A43B766FF3F9}"
EndProject
Project("{2150E333-8FDC-42A3-9474-1A3956D46DE8}") = "BasketService", "BasketService", "{4EA74AA1-6114-48FA-8E6D-5998C61FC822}"
EndProject
Project("{FAE04EC0-301F-11D3-BF4B-00C04F79EFBC}") = "BasketService.Application", "BasketService\BasketService.Application\BasketService.Application.csproj", "{1AE09F0F-4FB7-4E42-B6B0-15A48CD7410B}"
EndProject
Project("{FAE04EC0-301F-11D3-BF4B-00C04F79EFBC}") = "BasketService.Domain", "BasketService\BasketService.Domain\BasketService.Domain.csproj", "{027F4221-0265-4902-A35E-401A0887090D}"
EndProject
Project("{FAE04EC0-301F-11D3-BF4B-00C04F79EFBC}") = "BasketService.Infrastructure", "BasketService\BasketService.Infrastructure\BasketService.Infrastructure.csproj", "{8310D2E1-D386-4A07-B484-0FF13C3BAEB2}"
EndProject
Project("{FAE04EC0-301F-11D3-BF4B-00C04F79EFBC}") = "BasketService.WebApi", "BasketService\BasketService.WebApi\BasketService.WebApi.csproj", "{4A8E3718-7A5C-44A8-B5AA-66E6DACA4F30}"
EndProject
Project("{FAE04EC0-301F-11D3-BF4B-00C04F79EFBC}") = "Shared", "Shared\Shared.csproj", "{72290CAC-E968-47DC-A0A4-675225EF8473}"
EndProject
Project("{FAE04EC0-301F-11D3-BF4B-00C04F79EFBC}") = "StockService.Application", "StockService\StockService.Application\StockService.Application.csproj", "{DB00383C-6F3A-45A8-926A-A5D49A3342E5}"
EndProject
Project("{FAE04EC0-301F-11D3-BF4B-00C04F79EFBC}") = "StockService.Domain", "StockService\StockService.Domain\StockService.Domain.csproj", "{57955C3C-40E7-44D9-ACB4-FAEF8FDC0FB1}"
EndProject
Project("{FAE04EC0-301F-11D3-BF4B-00C04F79EFBC}") = "StockService.Infrastructure", "StockService\StockService.Infrastructure\StockService.Infrastructure.csproj", "{5042AEB5-FA41-4A94-B41E-CFA1C442F446}"
EndProject
Project("{FAE04EC0-301F-11D3-BF4B-00C04F79EFBC}") = "StockService.WebApi", "StockService\StockService.WebApi\StockService.WebApi.csproj", "{0CC6C2CB-729D-47BA-8543-BE1C3956296B}"
EndProject
Project("{FAE04EC0-301F-11D3-BF4B-00C04F79EFBC}") = "SagaStateMachine.Service", "SagaStateMachine.Service\SagaStateMachine.Service.csproj", "{905568FF-AEF5-4FBB-8349-BEA260DC546A}"
EndProject
Project("{FAE04EC0-301F-11D3-BF4B-00C04F79EFBC}") = "PaymentService.Application", "PaymentService\PaymentService.Application\PaymentService.Application.csproj", "{7C4795B7-1076-436E-8342-3563CFB57B97}"
EndProject
Project("{FAE04EC0-301F-11D3-BF4B-00C04F79EFBC}") = "PaymentService.Domain", "PaymentService\PaymentService.Domain\PaymentService.Domain.csproj", "{3A14D4F1-AD07-4B3A-95BB-244B059D9FCF}"
EndProject
Project("{FAE04EC0-301F-11D3-BF4B-00C04F79EFBC}") = "PaymentService.Infrastructure", "PaymentService\PaymentService.Infrastructure\PaymentService.Infrastructure.csproj", "{C56E9ED2-18FD-4746-860F-BA865B070FFB}"
EndProject
Project("{FAE04EC0-301F-11D3-BF4B-00C04F79EFBC}") = "PaymentService.WebApi", "PaymentService\PaymentService.WebApi\PaymentService.WebApi.csproj", "{8BDC1BFA-6103-4DC9-80AF-94CF6BC1A9C9}"
EndProject
Project("{FAE04EC0-301F-11D3-BF4B-00C04F79EFBC}") = "DeliveryService.Domain", "DeliveryService\DeliveryService.Domain\DeliveryService.Domain.csproj", "{A2F72D68-1B7A-4B9C-9FF3-4B7B3561E5B2}"
EndProject
Project("{FAE04EC0-301F-11D3-BF4B-00C04F79EFBC}") = "DeliveryService.Application", "DeliveryService\DeliveryService.Application\DeliveryService.Application.csproj", "{D1E67E4D-5CBE-4F3D-9E2A-3C7E2E6BD123}"
EndProject
Project("{FAE04EC0-301F-11D3-BF4B-00C04F79EFBC}") = "DeliveryService.Infrastructure", "DeliveryService\DeliveryService.Infrastructure\DeliveryService.Infrastructure.csproj", "{C3B1A6F4-7E12-4A9E-A1D1-1F2E6F921234}"
EndProject
Project("{FAE04EC0-301F-11D3-BF4B-00C04F79EFBC}") = "DeliveryService.WebApi", "DeliveryService\DeliveryService.WebApi\DeliveryService.WebApi.csproj", "{E4C2D7AA-5F5C-4D1E-9A11-9A6D4F125678}"
EndProject
Project("{FAE04EC0-301F-11D3-BF4B-00C04F79EFBC}") = "ProductOutboxPublisher.Service", "ProductOutboxPublisher.Service\ProductOutboxPublisher.Service.csproj", "{630530F5-C591-4040-8934-B09F5FA8CA7E}"
EndProject
Project("{FAE04EC0-301F-11D3-BF4B-00C04F79EFBC}") = "Monitoring.Service", "Monitoring.Service\Monitoring.Service.csproj", "{DE6FCC89-A80B-4F8E-BDB7-14B336A3B731}"
EndProject
Global
	GlobalSection(SolutionConfigurationPlatforms) = preSolution
		Debug|Any CPU = Debug|Any CPU
		Release|Any CPU = Release|Any CPU
	EndGlobalSection
	GlobalSection(NestedProjects) = preSolution
		{F89137C0-F6C4-4035-9647-5862F61FFF6E} = {95CD7B2F-69AE-40DD-923C-60912F67CDFF}
		{2693E9E5-E157-422F-BB1F-A16DD8EADB66} = {95CD7B2F-69AE-40DD-923C-60912F67CDFF}
		{EB61E2F0-78EC-4F54-B89F-352C5378DDB6} = {95CD7B2F-69AE-40DD-923C-60912F67CDFF}
		{7BA5C571-0ECE-43DF-AD6C-F38048300067} = {95CD7B2F-69AE-40DD-923C-60912F67CDFF}
		{BD744252-3639-4D7D-A638-293995A16AEC} = {F89137C0-F6C4-4035-9647-5862F61FFF6E}
		{6B3F4BD7-E4BE-43FE-9363-7F05EA6C9CF0} = {F89137C0-F6C4-4035-9647-5862F61FFF6E}
		{1D902665-E1AC-49DC-B6D2-E06E548984AD} = {F89137C0-F6C4-4035-9647-5862F61FFF6E}
		{140FFADF-AA1E-4EB5-897C-EBD6693C3359} = {F89137C0-F6C4-4035-9647-5862F61FFF6E}
		{C2E3F83C-0C92-47CE-94B5-A07F591EC372} = {95CD7B2F-69AE-40DD-923C-60912F67CDFF}
		{343C1457-E9AE-4B99-95E5-71522C4ADAEF} = {C2E3F83C-0C92-47CE-94B5-A07F591EC372}
		{145B22C5-D46A-4CE4-A683-70BECE6426FD} = {C2E3F83C-0C92-47CE-94B5-A07F591EC372}
		{1E9F890A-A861-4565-AF67-F5D016BBC3D0} = {C2E3F83C-0C92-47CE-94B5-A07F591EC372}
		{B91BDD81-58C6-4570-A8CF-A43B766FF3F9} = {C2E3F83C-0C92-47CE-94B5-A07F591EC372}
		{4EA74AA1-6114-48FA-8E6D-5998C61FC822} = {95CD7B2F-69AE-40DD-923C-60912F67CDFF}
		{1AE09F0F-4FB7-4E42-B6B0-15A48CD7410B} = {4EA74AA1-6114-48FA-8E6D-5998C61FC822}
		{027F4221-0265-4902-A35E-401A0887090D} = {4EA74AA1-6114-48FA-8E6D-5998C61FC822}
		{8310D2E1-D386-4A07-B484-0FF13C3BAEB2} = {4EA74AA1-6114-48FA-8E6D-5998C61FC822}
		{4A8E3718-7A5C-44A8-B5AA-66E6DACA4F30} = {4EA74AA1-6114-48FA-8E6D-5998C61FC822}
		{72290CAC-E968-47DC-A0A4-675225EF8473} = {95CD7B2F-69AE-40DD-923C-60912F67CDFF}
		{DB00383C-6F3A-45A8-926A-A5D49A3342E5} = {2693E9E5-E157-422F-BB1F-A16DD8EADB66}
		{57955C3C-40E7-44D9-ACB4-FAEF8FDC0FB1} = {2693E9E5-E157-422F-BB1F-A16DD8EADB66}
		{5042AEB5-FA41-4A94-B41E-CFA1C442F446} = {2693E9E5-E157-422F-BB1F-A16DD8EADB66}
		{0CC6C2CB-729D-47BA-8543-BE1C3956296B} = {2693E9E5-E157-422F-BB1F-A16DD8EADB66}
		{905568FF-AEF5-4FBB-8349-BEA260DC546A} = {95CD7B2F-69AE-40DD-923C-60912F67CDFF}
		{7C4795B7-1076-436E-8342-3563CFB57B97} = {EB61E2F0-78EC-4F54-B89F-352C5378DDB6}
		{3A14D4F1-AD07-4B3A-95BB-244B059D9FCF} = {EB61E2F0-78EC-4F54-B89F-352C5378DDB6}
		{C56E9ED2-18FD-4746-860F-BA865B070FFB} = {EB61E2F0-78EC-4F54-B89F-352C5378DDB6}
		{8BDC1BFA-6103-4DC9-80AF-94CF6BC1A9C9} = {EB61E2F0-78EC-4F54-B89F-352C5378DDB6}
		{A2F72D68-1B7A-4B9C-9FF3-4B7B3561E5B2} = {7BA5C571-0ECE-43DF-AD6C-F38048300067}
		{D1E67E4D-5CBE-4F3D-9E2A-3C7E2E6BD123} = {7BA5C571-0ECE-43DF-AD6C-F38048300067}
		{C3B1A6F4-7E12-4A9E-A1D1-1F2E6F921234} = {7BA5C571-0ECE-43DF-AD6C-F38048300067}
		{E4C2D7AA-5F5C-4D1E-9A11-9A6D4F125678} = {7BA5C571-0ECE-43DF-AD6C-F38048300067}
		{630530F5-C591-4040-8934-B09F5FA8CA7E} = {95CD7B2F-69AE-40DD-923C-60912F67CDFF}
		{DE6FCC89-A80B-4F8E-BDB7-14B336A3B731} = {95CD7B2F-69AE-40DD-923C-60912F67CDFF}
	EndGlobalSection
	GlobalSection(ProjectConfigurationPlatforms) = postSolution
		{BD744252-3639-4D7D-A638-293995A16AEC}.Debug|Any CPU.ActiveCfg = Debug|Any CPU
		{BD744252-3639-4D7D-A638-293995A16AEC}.Debug|Any CPU.Build.0 = Debug|Any CPU
		{BD744252-3639-4D7D-A638-293995A16AEC}.Release|Any CPU.ActiveCfg = Release|Any CPU
		{BD744252-3639-4D7D-A638-293995A16AEC}.Release|Any CPU.Build.0 = Release|Any CPU
		{6B3F4BD7-E4BE-43FE-9363-7F05EA6C9CF0}.Debug|Any CPU.ActiveCfg = Debug|Any CPU
		{6B3F4BD7-E4BE-43FE-9363-7F05EA6C9CF0}.Debug|Any CPU.Build.0 = Debug|Any CPU
		{6B3F4BD7-E4BE-43FE-9363-7F05EA6C9CF0}.Release|Any CPU.ActiveCfg = Release|Any CPU
		{6B3F4BD7-E4BE-43FE-9363-7F05EA6C9CF0}.Release|Any CPU.Build.0 = Release|Any CPU
		{1D902665-E1AC-49DC-B6D2-E06E548984AD}.Debug|Any CPU.ActiveCfg = Debug|Any CPU
		{1D902665-E1AC-49DC-B6D2-E06E548984AD}.Debug|Any CPU.Build.0 = Debug|Any CPU
		{1D902665-E1AC-49DC-B6D2-E06E548984AD}.Release|Any CPU.ActiveCfg = Release|Any CPU
		{1D902665-E1AC-49DC-B6D2-E06E548984AD}.Release|Any CPU.Build.0 = Release|Any CPU
		{140FFADF-AA1E-4EB5-897C-EBD6693C3359}.Debug|Any CPU.ActiveCfg = Debug|Any CPU
		{140FFADF-AA1E-4EB5-897C-EBD6693C3359}.Debug|Any CPU.Build.0 = Debug|Any CPU
		{140FFADF-AA1E-4EB5-897C-EBD6693C3359}.Release|Any CPU.ActiveCfg = Release|Any CPU
		{140FFADF-AA1E-4EB5-897C-EBD6693C3359}.Release|Any CPU.Build.0 = Release|Any CPU
		{343C1457-E9AE-4B99-95E5-71522C4ADAEF}.Debug|Any CPU.ActiveCfg = Debug|Any CPU
		{343C1457-E9AE-4B99-95E5-71522C4ADAEF}.Debug|Any CPU.Build.0 = Debug|Any CPU
		{343C1457-E9AE-4B99-95E5-71522C4ADAEF}.Release|Any CPU.ActiveCfg = Release|Any CPU
		{343C1457-E9AE-4B99-95E5-71522C4ADAEF}.Release|Any CPU.Build.0 = Release|Any CPU
		{145B22C5-D46A-4CE4-A683-70BECE6426FD}.Debug|Any CPU.ActiveCfg = Debug|Any CPU
		{145B22C5-D46A-4CE4-A683-70BECE6426FD}.Debug|Any CPU.Build.0 = Debug|Any CPU
		{145B22C5-D46A-4CE4-A683-70BECE6426FD}.Release|Any CPU.ActiveCfg = Release|Any CPU
		{145B22C5-D46A-4CE4-A683-70BECE6426FD}.Release|Any CPU.Build.0 = Release|Any CPU
		{1E9F890A-A861-4565-AF67-F5D016BBC3D0}.Debug|Any CPU.ActiveCfg = Debug|Any CPU
		{1E9F890A-A861-4565-AF67-F5D016BBC3D0}.Debug|Any CPU.Build.0 = Debug|Any CPU
		{1E9F890A-A861-4565-AF67-F5D016BBC3D0}.Release|Any CPU.ActiveCfg = Release|Any CPU
		{1E9F890A-A861-4565-AF67-F5D016BBC3D0}.Release|Any CPU.Build.0 = Release|Any CPU
		{B91BDD81-58C6-4570-A8CF-A43B766FF3F9}.Debug|Any CPU.ActiveCfg = Debug|Any CPU
		{B91BDD81-58C6-4570-A8CF-A43B766FF3F9}.Debug|Any CPU.Build.0 = Debug|Any CPU
		{B91BDD81-58C6-4570-A8CF-A43B766FF3F9}.Release|Any CPU.ActiveCfg = Release|Any CPU
		{B91BDD81-58C6-4570-A8CF-A43B766FF3F9}.Release|Any CPU.Build.0 = Release|Any CPU
		{1AE09F0F-4FB7-4E42-B6B0-15A48CD7410B}.Debug|Any CPU.ActiveCfg = Debug|Any CPU
		{1AE09F0F-4FB7-4E42-B6B0-15A48CD7410B}.Debug|Any CPU.Build.0 = Debug|Any CPU
		{1AE09F0F-4FB7-4E42-B6B0-15A48CD7410B}.Release|Any CPU.ActiveCfg = Release|Any CPU
		{1AE09F0F-4FB7-4E42-B6B0-15A48CD7410B}.Release|Any CPU.Build.0 = Release|Any CPU
		{027F4221-0265-4902-A35E-401A0887090D}.Debug|Any CPU.ActiveCfg = Debug|Any CPU
		{027F4221-0265-4902-A35E-401A0887090D}.Debug|Any CPU.Build.0 = Debug|Any CPU
		{027F4221-0265-4902-A35E-401A0887090D}.Release|Any CPU.ActiveCfg = Release|Any CPU
		{027F4221-0265-4902-A35E-401A0887090D}.Release|Any CPU.Build.0 = Release|Any CPU
		{8310D2E1-D386-4A07-B484-0FF13C3BAEB2}.Debug|Any CPU.ActiveCfg = Debug|Any CPU
		{8310D2E1-D386-4A07-B484-0FF13C3BAEB2}.Debug|Any CPU.Build.0 = Debug|Any CPU
		{8310D2E1-D386-4A07-B484-0FF13C3BAEB2}.Release|Any CPU.ActiveCfg = Release|Any CPU
		{8310D2E1-D386-4A07-B484-0FF13C3BAEB2}.Release|Any CPU.Build.0 = Release|Any CPU
		{4A8E3718-7A5C-44A8-B5AA-66E6DACA4F30}.Debug|Any CPU.ActiveCfg = Debug|Any CPU
		{4A8E3718-7A5C-44A8-B5AA-66E6DACA4F30}.Debug|Any CPU.Build.0 = Debug|Any CPU
		{4A8E3718-7A5C-44A8-B5AA-66E6DACA4F30}.Release|Any CPU.ActiveCfg = Release|Any CPU
		{4A8E3718-7A5C-44A8-B5AA-66E6DACA4F30}.Release|Any CPU.Build.0 = Release|Any CPU
		{72290CAC-E968-47DC-A0A4-675225EF8473}.Debug|Any CPU.ActiveCfg = Debug|Any CPU
		{72290CAC-E968-47DC-A0A4-675225EF8473}.Debug|Any CPU.Build.0 = Debug|Any CPU
		{72290CAC-E968-47DC-A0A4-675225EF8473}.Release|Any CPU.ActiveCfg = Release|Any CPU
		{72290CAC-E968-47DC-A0A4-675225EF8473}.Release|Any CPU.Build.0 = Release|Any CPU
		{DB00383C-6F3A-45A8-926A-A5D49A3342E5}.Debug|Any CPU.ActiveCfg = Debug|Any CPU
		{DB00383C-6F3A-45A8-926A-A5D49A3342E5}.Debug|Any CPU.Build.0 = Debug|Any CPU
		{DB00383C-6F3A-45A8-926A-A5D49A3342E5}.Release|Any CPU.ActiveCfg = Release|Any CPU
		{DB00383C-6F3A-45A8-926A-A5D49A3342E5}.Release|Any CPU.Build.0 = Release|Any CPU
		{57955C3C-40E7-44D9-ACB4-FAEF8FDC0FB1}.Debug|Any CPU.ActiveCfg = Debug|Any CPU
		{57955C3C-40E7-44D9-ACB4-FAEF8FDC0FB1}.Debug|Any CPU.Build.0 = Debug|Any CPU
		{57955C3C-40E7-44D9-ACB4-FAEF8FDC0FB1}.Release|Any CPU.ActiveCfg = Release|Any CPU
		{57955C3C-40E7-44D9-ACB4-FAEF8FDC0FB1}.Release|Any CPU.Build.0 = Release|Any CPU
		{5042AEB5-FA41-4A94-B41E-CFA1C442F446}.Debug|Any CPU.ActiveCfg = Debug|Any CPU
		{5042AEB5-FA41-4A94-B41E-CFA1C442F446}.Debug|Any CPU.Build.0 = Debug|Any CPU
		{5042AEB5-FA41-4A94-B41E-CFA1C442F446}.Release|Any CPU.ActiveCfg = Release|Any CPU
		{5042AEB5-FA41-4A94-B41E-CFA1C442F446}.Release|Any CPU.Build.0 = Release|Any CPU
		{0CC6C2CB-729D-47BA-8543-BE1C3956296B}.Debug|Any CPU.ActiveCfg = Debug|Any CPU
		{0CC6C2CB-729D-47BA-8543-BE1C3956296B}.Debug|Any CPU.Build.0 = Debug|Any CPU
		{0CC6C2CB-729D-47BA-8543-BE1C3956296B}.Release|Any CPU.ActiveCfg = Release|Any CPU
		{0CC6C2CB-729D-47BA-8543-BE1C3956296B}.Release|Any CPU.Build.0 = Release|Any CPU
		{905568FF-AEF5-4FBB-8349-BEA260DC546A}.Debug|Any CPU.ActiveCfg = Debug|Any CPU
		{905568FF-AEF5-4FBB-8349-BEA260DC546A}.Debug|Any CPU.Build.0 = Debug|Any CPU
		{905568FF-AEF5-4FBB-8349-BEA260DC546A}.Release|Any CPU.ActiveCfg = Release|Any CPU
		{905568FF-AEF5-4FBB-8349-BEA260DC546A}.Release|Any CPU.Build.0 = Release|Any CPU
		{7C4795B7-1076-436E-8342-3563CFB57B97}.Debug|Any CPU.ActiveCfg = Debug|Any CPU
		{7C4795B7-1076-436E-8342-3563CFB57B97}.Debug|Any CPU.Build.0 = Debug|Any CPU
		{7C4795B7-1076-436E-8342-3563CFB57B97}.Release|Any CPU.ActiveCfg = Release|Any CPU
		{7C4795B7-1076-436E-8342-3563CFB57B97}.Release|Any CPU.Build.0 = Release|Any CPU
		{3A14D4F1-AD07-4B3A-95BB-244B059D9FCF}.Debug|Any CPU.ActiveCfg = Debug|Any CPU
		{3A14D4F1-AD07-4B3A-95BB-244B059D9FCF}.Debug|Any CPU.Build.0 = Debug|Any CPU
		{3A14D4F1-AD07-4B3A-95BB-244B059D9FCF}.Release|Any CPU.ActiveCfg = Release|Any CPU
		{3A14D4F1-AD07-4B3A-95BB-244B059D9FCF}.Release|Any CPU.Build.0 = Release|Any CPU
		{C56E9ED2-18FD-4746-860F-BA865B070FFB}.Debug|Any CPU.ActiveCfg = Debug|Any CPU
		{C56E9ED2-18FD-4746-860F-BA865B070FFB}.Debug|Any CPU.Build.0 = Debug|Any CPU
		{C56E9ED2-18FD-4746-860F-BA865B070FFB}.Release|Any CPU.ActiveCfg = Release|Any CPU
		{C56E9ED2-18FD-4746-860F-BA865B070FFB}.Release|Any CPU.Build.0 = Release|Any CPU
		{8BDC1BFA-6103-4DC9-80AF-94CF6BC1A9C9}.Debug|Any CPU.ActiveCfg = Debug|Any CPU
		{8BDC1BFA-6103-4DC9-80AF-94CF6BC1A9C9}.Debug|Any CPU.Build.0 = Debug|Any CPU
		{8BDC1BFA-6103-4DC9-80AF-94CF6BC1A9C9}.Release|Any CPU.ActiveCfg = Release|Any CPU
		{8BDC1BFA-6103-4DC9-80AF-94CF6BC1A9C9}.Release|Any CPU.Build.0 = Release|Any CPU
		{A2F72D68-1B7A-4B9C-9FF3-4B7B3561E5B2}.Debug|Any CPU.ActiveCfg = Debug|Any CPU
		{A2F72D68-1B7A-4B9C-9FF3-4B7B3561E5B2}.Debug|Any CPU.Build.0 = Debug|Any CPU
		{A2F72D68-1B7A-4B9C-9FF3-4B7B3561E5B2}.Release|Any CPU.ActiveCfg = Release|Any CPU
		{A2F72D68-1B7A-4B9C-9FF3-4B7B3561E5B2}.Release|Any CPU.Build.0 = Release|Any CPU
		{D1E67E4D-5CBE-4F3D-9E2A-3C7E2E6BD123}.Debug|Any CPU.ActiveCfg = Debug|Any CPU
		{D1E67E4D-5CBE-4F3D-9E2A-3C7E2E6BD123}.Debug|Any CPU.Build.0 = Debug|Any CPU
		{D1E67E4D-5CBE-4F3D-9E2A-3C7E2E6BD123}.Release|Any CPU.ActiveCfg = Release|Any CPU
		{D1E67E4D-5CBE-4F3D-9E2A-3C7E2E6BD123}.Release|Any CPU.Build.0 = Release|Any CPU
		{C3B1A6F4-7E12-4A9E-A1D1-1F2E6F921234}.Debug|Any CPU.ActiveCfg = Debug|Any CPU
		{C3B1A6F4-7E12-4A9E-A1D1-1F2E6F921234}.Debug|Any CPU.Build.0 = Debug|Any CPU
		{C3B1A6F4-7E12-4A9E-A1D1-1F2E6F921234}.Release|Any CPU.ActiveCfg = Release|Any CPU
		{C3B1A6F4-7E12-4A9E-A1D1-1F2E6F921234}.Release|Any CPU.Build.0 = Release|Any CPU
		{E4C2D7AA-5F5C-4D1E-9A11-9A6D4F125678}.Debug|Any CPU.ActiveCfg = Debug|Any CPU
		{E4C2D7AA-5F5C-4D1E-9A11-9A6D4F125678}.Debug|Any CPU.Build.0 = Debug|Any CPU
		{E4C2D7AA-5F5C-4D1E-9A11-9A6D4F125678}.Release|Any CPU.ActiveCfg = Release|Any CPU
		{E4C2D7AA-5F5C-4D1E-9A11-9A6D4F125678}.Release|Any CPU.Build.0 = Release|Any CPU
		{630530F5-C591-4040-8934-B09F5FA8CA7E}.Debug|Any CPU.ActiveCfg = Debug|Any CPU
		{630530F5-C591-4040-8934-B09F5FA8CA7E}.Debug|Any CPU.Build.0 = Debug|Any CPU
		{630530F5-C591-4040-8934-B09F5FA8CA7E}.Release|Any CPU.ActiveCfg = Release|Any CPU
		{630530F5-C591-4040-8934-B09F5FA8CA7E}.Release|Any CPU.Build.0 = Release|Any CPU
		{DE6FCC89-A80B-4F8E-BDB7-14B336A3B731}.Debug|Any CPU.ActiveCfg = Debug|Any CPU
		{DE6FCC89-A80B-4F8E-BDB7-14B336A3B731}.Debug|Any CPU.Build.0 = Debug|Any CPU
		{DE6FCC89-A80B-4F8E-BDB7-14B336A3B731}.Release|Any CPU.ActiveCfg = Release|Any CPU
		{DE6FCC89-A80B-4F8E-BDB7-14B336A3B731}.Release|Any CPU.Build.0 = Release|Any CPU
	EndGlobalSection
EndGlobal
