
Microsoft Visual Studio Solution File, Format Version 12.00
Project("{2150E333-8FDC-42A3-9474-1A3956D46DE8}") = "src", "src", "{95CD7B2F-69AE-40DD-923C-60912F67CDFF}"
EndProject
Project("{2150E333-8FDC-42A3-9474-1A3956D46DE8}") = "OrderService", "OrderService", "{F89137C0-F6C4-4035-9647-5862F61FFF6E}"
EndProject
Project("{2150E333-8FDC-42A3-9474-1A3956D46DE8}") = "StockService", "StockService", "{2693E9E5-E157-422F-BB1F-A16DD8EADB66}"
EndProject
Project("{2150E333-8FDC-42A3-9474-1A3956D46DE8}") = "PaymentService", "PaymentService", "{EB61E2F0-78EC-4F54-B89F-352C5378DDB6}"
EndProject
Project("{2150E333-8FDC-42A3-9474-1A3956D46DE8}") = "DeliveryService", "DeliveryService", "{7BA5C571-0ECE-43DF-AD6C-F38048300067}"
EndProject
Project("{FAE04EC0-301F-11D3-BF4B-00C04F79EFBC}") = "OrderService.Domain", "OrderService\OrderService.Domain\OrderService.Domain.csproj", "{BD744252-3639-4D7D-A638-293995A16AEC}"
EndProject
Project("{FAE04EC0-301F-11D3-BF4B-00C04F79EFBC}") = "OrderService.Application", "OrderService\OrderService.Application\OrderService.Application.csproj", "{6B3F4BD7-E4BE-43FE-9363-7F05EA6C9CF0}"
EndProject
Project("{FAE04EC0-301F-11D3-BF4B-00C04F79EFBC}") = "OrderService.Infrastructure", "OrderService\OrderService.Infrastructure\OrderService.Infrastructure.csproj", "{1D902665-E1AC-49DC-B6D2-E06E548984AD}"
EndProject
Project("{FAE04EC0-301F-11D3-BF4B-00C04F79EFBC}") = "OrderService.WebApi", "OrderService\OrderService.WebApi\OrderService.WebApi.csproj", "{140FFADF-AA1E-4EB5-897C-EBD6693C3359}"
EndProject
Project("{2150E333-8FDC-42A3-9474-1A3956D46DE8}") = "ProductService", "ProductService", "{C2E3F83C-0C92-47CE-94B5-A07F591EC372}"
EndProject
Project("{FAE04EC0-301F-11D3-BF4B-00C04F79EFBC}") = "ProductService.Domain", "ProductService\ProductService.Domain\ProductService.Domain.csproj", "{343C1457-E9AE-4B99-95E5-71522C4ADAEF}"
EndProject
Project("{FAE04EC0-301F-11D3-BF4B-00C04F79EFBC}") = "ProductService.Application", "ProductService\ProductService.Application\ProductService.Application.csproj", "{145B22C5-D46A-4CE4-A683-70BECE6426FD}"
EndProject
Project("{FAE04EC0-301F-11D3-BF4B-00C04F79EFBC}") = "ProductService.Infrastructure", "ProductService\ProductService.Infrastructure\ProductService.Infrastructure.csproj", "{1E9F890A-A861-4565-AF67-F5D016BBC3D0}"
EndProject
Project("{FAE04EC0-301F-11D3-BF4B-00C04F79EFBC}") = "ProductService.WebApi", "ProductService\ProductService.WebApi\ProductService.WebApi.csproj", "{B91BDD81-58C6-4570-A8CF-A43B766FF3F9}"
EndProject
Global
	GlobalSection(SolutionConfigurationPlatforms) = preSolution
		Debug|Any CPU = Debug|Any CPU
		Release|Any CPU = Release|Any CPU
	EndGlobalSection
	GlobalSection(NestedProjects) = preSolution
		{F89137C0-F6C4-4035-9647-5862F61FFF6E} = {95CD7B2F-69AE-40DD-923C-60912F67CDFF}
		{2693E9E5-E157-422F-BB1F-A16DD8EADB66} = {95CD7B2F-69AE-40DD-923C-60912F67CDFF}
		{EB61E2F0-78EC-4F54-B89F-352C5378DDB6} = {95CD7B2F-69AE-40DD-923C-60912F67CDFF}
		{7BA5C571-0ECE-43DF-AD6C-F38048300067} = {95CD7B2F-69AE-40DD-923C-60912F67CDFF}
		{BD744252-3639-4D7D-A638-293995A16AEC} = {F89137C0-F6C4-4035-9647-5862F61FFF6E}
		{6B3F4BD7-E4BE-43FE-9363-7F05EA6C9CF0} = {F89137C0-F6C4-4035-9647-5862F61FFF6E}
		{1D902665-E1AC-49DC-B6D2-E06E548984AD} = {F89137C0-F6C4-4035-9647-5862F61FFF6E}
		{140FFADF-AA1E-4EB5-897C-EBD6693C3359} = {F89137C0-F6C4-4035-9647-5862F61FFF6E}
		{C2E3F83C-0C92-47CE-94B5-A07F591EC372} = {95CD7B2F-69AE-40DD-923C-60912F67CDFF}
		{343C1457-E9AE-4B99-95E5-71522C4ADAEF} = {C2E3F83C-0C92-47CE-94B5-A07F591EC372}
		{145B22C5-D46A-4CE4-A683-70BECE6426FD} = {C2E3F83C-0C92-47CE-94B5-A07F591EC372}
		{1E9F890A-A861-4565-AF67-F5D016BBC3D0} = {C2E3F83C-0C92-47CE-94B5-A07F591EC372}
		{B91BDD81-58C6-4570-A8CF-A43B766FF3F9} = {C2E3F83C-0C92-47CE-94B5-A07F591EC372}
	EndGlobalSection
	GlobalSection(ProjectConfigurationPlatforms) = postSolution
		{BD744252-3639-4D7D-A638-293995A16AEC}.Debug|Any CPU.ActiveCfg = Debug|Any CPU
		{BD744252-3639-4D7D-A638-293995A16AEC}.Debug|Any CPU.Build.0 = Debug|Any CPU
		{BD744252-3639-4D7D-A638-293995A16AEC}.Release|Any CPU.ActiveCfg = Release|Any CPU
		{BD744252-3639-4D7D-A638-293995A16AEC}.Release|Any CPU.Build.0 = Release|Any CPU
		{6B3F4BD7-E4BE-43FE-9363-7F05EA6C9CF0}.Debug|Any CPU.ActiveCfg = Debug|Any CPU
		{6B3F4BD7-E4BE-43FE-9363-7F05EA6C9CF0}.Debug|Any CPU.Build.0 = Debug|Any CPU
		{6B3F4BD7-E4BE-43FE-9363-7F05EA6C9CF0}.Release|Any CPU.ActiveCfg = Release|Any CPU
		{6B3F4BD7-E4BE-43FE-9363-7F05EA6C9CF0}.Release|Any CPU.Build.0 = Release|Any CPU
		{1D902665-E1AC-49DC-B6D2-E06E548984AD}.Debug|Any CPU.ActiveCfg = Debug|Any CPU
		{1D902665-E1AC-49DC-B6D2-E06E548984AD}.Debug|Any CPU.Build.0 = Debug|Any CPU
		{1D902665-E1AC-49DC-B6D2-E06E548984AD}.Release|Any CPU.ActiveCfg = Release|Any CPU
		{1D902665-E1AC-49DC-B6D2-E06E548984AD}.Release|Any CPU.Build.0 = Release|Any CPU
		{140FFADF-AA1E-4EB5-897C-EBD6693C3359}.Debug|Any CPU.ActiveCfg = Debug|Any CPU
		{140FFADF-AA1E-4EB5-897C-EBD6693C3359}.Debug|Any CPU.Build.0 = Debug|Any CPU
		{140FFADF-AA1E-4EB5-897C-EBD6693C3359}.Release|Any CPU.ActiveCfg = Release|Any CPU
		{140FFADF-AA1E-4EB5-897C-EBD6693C3359}.Release|Any CPU.Build.0 = Release|Any CPU
		{343C1457-E9AE-4B99-95E5-71522C4ADAEF}.Debug|Any CPU.ActiveCfg = Debug|Any CPU
		{343C1457-E9AE-4B99-95E5-71522C4ADAEF}.Debug|Any CPU.Build.0 = Debug|Any CPU
		{343C1457-E9AE-4B99-95E5-71522C4ADAEF}.Release|Any CPU.ActiveCfg = Release|Any CPU
		{343C1457-E9AE-4B99-95E5-71522C4ADAEF}.Release|Any CPU.Build.0 = Release|Any CPU
		{145B22C5-D46A-4CE4-A683-70BECE6426FD}.Debug|Any CPU.ActiveCfg = Debug|Any CPU
		{145B22C5-D46A-4CE4-A683-70BECE6426FD}.Debug|Any CPU.Build.0 = Debug|Any CPU
		{145B22C5-D46A-4CE4-A683-70BECE6426FD}.Release|Any CPU.ActiveCfg = Release|Any CPU
		{145B22C5-D46A-4CE4-A683-70BECE6426FD}.Release|Any CPU.Build.0 = Release|Any CPU
		{1E9F890A-A861-4565-AF67-F5D016BBC3D0}.Debug|Any CPU.ActiveCfg = Debug|Any CPU
		{1E9F890A-A861-4565-AF67-F5D016BBC3D0}.Debug|Any CPU.Build.0 = Debug|Any CPU
		{1E9F890A-A861-4565-AF67-F5D016BBC3D0}.Release|Any CPU.ActiveCfg = Release|Any CPU
		{1E9F890A-A861-4565-AF67-F5D016BBC3D0}.Release|Any CPU.Build.0 = Release|Any CPU
		{B91BDD81-58C6-4570-A8CF-A43B766FF3F9}.Debug|Any CPU.ActiveCfg = Debug|Any CPU
		{B91BDD81-58C6-4570-A8CF-A43B766FF3F9}.Debug|Any CPU.Build.0 = Debug|Any CPU
		{B91BDD81-58C6-4570-A8CF-A43B766FF3F9}.Release|Any CPU.ActiveCfg = Release|Any CPU
		{B91BDD81-58C6-4570-A8CF-A43B766FF3F9}.Release|Any CPU.Build.0 = Release|Any CPU
	EndGlobalSection
EndGlobal
